# THIS IS AN AUTOGENERATED FILE. DO NOT EDIT THIS FILE DIRECTLY.
# yarn lockfile v1


"@babel/runtime@^7.3.1", "@babel/runtime@^7.4.4", "@babel/runtime@^7.5.5":
  version "7.6.2"
  resolved "https://registry.yarnpkg.com/@babel/runtime/-/runtime-7.6.2.tgz#c3d6e41b304ef10dcf13777a33e7694ec4a9a6dd"
  integrity sha512-EXxN64agfUqqIGeEjI5dL5z0Sw0ZwWo1mLTi4mQowCZ42O59b7DRpZAnTC6OqdF28wMBMFKNb/4uFGrVaigSpg==
  dependencies:
    regenerator-runtime "^0.13.2"

"@emotion/hash@^0.7.1":
  version "0.7.3"
  resolved "https://registry.yarnpkg.com/@emotion/hash/-/hash-0.7.3.tgz#a166882c81c0c6040975dd30df24fae8549bd96f"
  integrity sha512-14ZVlsB9akwvydAdaEnVnvqu6J2P6ySv39hYyl/aoB6w/V+bXX0tay8cF6paqbgZsN2n5Xh15uF4pE+GvE+itw==

"@material-ui/core@^4.4.3":
  version "4.4.3"
  resolved "https://registry.yarnpkg.com/@material-ui/core/-/core-4.4.3.tgz#65665d2c4e9cb84e018774e1471f6d0417f4535e"
  integrity sha512-Lz8sMFeCrtq5/pbhqClWFHpveL0huixjca0tw7uvh9xKKB7VyyYOyTu7RamSZLxb34UCSMPlobR+KK25Nqzkqw==
  dependencies:
    "@babel/runtime" "^7.4.4"
    "@material-ui/styles" "^4.4.3"
    "@material-ui/system" "^4.4.3"
    "@material-ui/types" "^4.1.1"
    "@material-ui/utils" "^4.4.0"
    "@types/react-transition-group" "^4.2.0"
    clsx "^1.0.2"
    convert-css-length "^2.0.1"
    deepmerge "^4.0.0"
    hoist-non-react-statics "^3.2.1"
    is-plain-object "^3.0.0"
    normalize-scroll-left "^0.2.0"
    popper.js "^1.14.1"
    prop-types "^15.7.2"
    react-transition-group "^4.3.0"

"@material-ui/styles@^4.4.3":
  version "4.4.3"
  resolved "https://registry.yarnpkg.com/@material-ui/styles/-/styles-4.4.3.tgz#78239177723660093cc9a277db5759c01c693c2a"
  integrity sha512-kNUdHFWsrvWKIEPx8Xy2/qayqsGMrYmCMq+FIiJiYczVZl5hiS8j5+KayonnpVta/O+Dktk+cxWkVcgwtxMrHg==
  dependencies:
    "@babel/runtime" "^7.4.4"
    "@emotion/hash" "^0.7.1"
    "@material-ui/types" "^4.1.1"
    "@material-ui/utils" "^4.1.0"
    clsx "^1.0.2"
    csstype "^2.5.2"
    deepmerge "^4.0.0"
    hoist-non-react-statics "^3.2.1"
    jss "10.0.0-alpha.25"
    jss-plugin-camel-case "10.0.0-alpha.25"
    jss-plugin-default-unit "10.0.0-alpha.25"
    jss-plugin-global "10.0.0-alpha.25"
    jss-plugin-nested "10.0.0-alpha.25"
    jss-plugin-props-sort "10.0.0-alpha.25"
    jss-plugin-rule-value-function "10.0.0-alpha.25"
    jss-plugin-vendor-prefixer "10.0.0-alpha.25"
    prop-types "^15.7.2"

"@material-ui/system@^4.4.3":
  version "4.4.3"
  resolved "https://registry.yarnpkg.com/@material-ui/system/-/system-4.4.3.tgz#68ca8cf83614255fcd5b9d3a72ce8ee58a43a5c7"
  integrity sha512-Cb05vLXsaCzssXD/iZKa0/qC6YOwbFWnYdnOEdkXZ3Fn2Ytz7rsnMgFejUSQV1luVhUBlEIm8DVz40N25WwW7w==
  dependencies:
    "@babel/runtime" "^7.4.4"
    deepmerge "^4.0.0"
    prop-types "^15.7.2"

"@material-ui/types@^4.1.1":
  version "4.1.1"
  resolved "https://registry.yarnpkg.com/@material-ui/types/-/types-4.1.1.tgz#b65e002d926089970a3271213a3ad7a21b17f02b"
  integrity sha512-AN+GZNXytX9yxGi0JOfxHrRTbhFybjUJ05rnsBVjcB+16e466Z0Xe5IxawuOayVZgTBNDxmPKo5j4V6OnMtaSQ==
  dependencies:
    "@types/react" "*"

"@material-ui/utils@^4.1.0", "@material-ui/utils@^4.4.0":
  version "4.4.0"
  resolved "https://registry.yarnpkg.com/@material-ui/utils/-/utils-4.4.0.tgz#9275421e2798a067850d201212d46f12725828ad"
  integrity sha512-UXoQVwArQEQWXxf2FPs0iJGT+MePQpKr0Qh0CPoLc1OdF0GSMTmQczcqCzwZkeHxHAOq/NkIKM1Pb/ih1Avicg==
  dependencies:
    "@babel/runtime" "^7.4.4"
    prop-types "^15.7.2"
    react-is "^16.8.6"

"@types/prop-types@*":
  version "15.7.3"
  resolved "https://registry.yarnpkg.com/@types/prop-types/-/prop-types-15.7.3.tgz#2ab0d5da2e5815f94b0b9d4b95d1e5f243ab2ca7"
  integrity sha512-KfRL3PuHmqQLOG+2tGpRO26Ctg+Cq1E01D2DMriKEATHgWLfeNDmq9e29Q9WIky0dQ3NPkd1mzYH8Lm936Z9qw==

"@types/react-transition-group@^4.2.0":
  version "4.2.2"
  resolved "https://registry.yarnpkg.com/@types/react-transition-group/-/react-transition-group-4.2.2.tgz#8c851c4598a23a3a34173069fb4c5c9e41c02e3f"
  integrity sha512-YfoaTNqBwbIqpiJ5NNfxfgg5kyFP1Hqf/jqBtSWNv0E+EkkxmN+3VD6U2fu86tlQvdAc1o0SdWhnWFwcRMTn9A==
  dependencies:
    "@types/react" "*"

"@types/react@*":
  version "16.9.4"
  resolved "https://registry.yarnpkg.com/@types/react/-/react-16.9.4.tgz#de8cf5e5e2838659fb78fa93181078469eeb19fc"
  integrity sha512-ItGNmJvQ0IvWt8rbk5PLdpdQhvBVxAaXI9hDlx7UMd8Ie1iMIuwMNiKeTfmVN517CdplpyXvA22X4zm4jGGZnw==
  dependencies:
    "@types/prop-types" "*"
    csstype "^2.2.0"

clsx@^1.0.2:
  version "1.0.4"
  resolved "https://registry.yarnpkg.com/clsx/-/clsx-1.0.4.tgz#0c0171f6d5cb2fe83848463c15fcc26b4df8c2ec"
  integrity sha512-1mQ557MIZTrL/140j+JVdRM6e31/OA4vTYxXgqIIZlndyfjHpyawKZia1Im05Vp9BWmImkcNrNtFYQMyFcgJDg==

convert-css-length@^2.0.1:
  version "2.0.1"
  resolved "https://registry.yarnpkg.com/convert-css-length/-/convert-css-length-2.0.1.tgz#90a76bde5bfd24d72881a5b45d02249b2c1d257c"
  integrity sha512-iGpbcvhLPRKUbBc0Quxx7w/bV14AC3ItuBEGMahA5WTYqB8lq9jH0kTXFheCBASsYnqeMFZhiTruNxr1N59Axg==

convert-units@^2.3.4:
  version "2.3.4"
  resolved "https://registry.yarnpkg.com/convert-units/-/convert-units-2.3.4.tgz#a279f4b3cb9b5d5094beba61abc742dcb46a180d"
  integrity sha512-ERHfdA0UhHJp1IpwE6PnFJx8LqG7B1ZjJ20UvVCmopEnVCfER68Tbe3kvN63dLbYXDA2xFWRE6zd4Wsf0w7POg==
  dependencies:
    lodash.foreach "2.3.x"
    lodash.keys "2.3.x"

css-vendor@^2.0.6:
  version "2.0.6"
  resolved "https://registry.yarnpkg.com/css-vendor/-/css-vendor-2.0.6.tgz#a205f73d7562e8728c86ef6ce5ee7c7e5eefd71b"
  integrity sha512-buv8FoZh84iMrtPHYGYll00/qSNV0gYO6E/GUCjUPTsSPj7uf/wot/QZwig+7qdFGxJ7HjOSJoclbhag09TVUQ==
  dependencies:
    "@babel/runtime" "^7.5.5"
    is-in-browser "^1.0.2"

csstype@^2.2.0, csstype@^2.5.2, csstype@^2.6.5, csstype@^2.6.6:
  version "2.6.6"
  resolved "https://registry.yarnpkg.com/csstype/-/csstype-2.6.6.tgz#c34f8226a94bbb10c32cc0d714afdf942291fc41"
  integrity sha512-RpFbQGUE74iyPgvr46U9t1xoQBM8T4BL8SxrN66Le2xYAPSaDJJKeztV3awugusb3g3G9iL8StmkBBXhcbbXhg==

deepmerge@^4.0.0:
  version "4.0.0"
  resolved "https://registry.yarnpkg.com/deepmerge/-/deepmerge-4.0.0.tgz#3e3110ca29205f120d7cb064960a39c3d2087c09"
  integrity sha512-YZ1rOP5+kHor4hMAH+HRQnBQHg+wvS1un1hAOuIcxcBy0hzcUf6Jg2a1w65kpoOUnurOfZbERwjI1TfZxNjcww==

dom-helpers@^5.0.1:
  version "5.1.0"
  resolved "https://registry.yarnpkg.com/dom-helpers/-/dom-helpers-5.1.0.tgz#57a726de04abcc2a8bbfe664b3e21c584bde514e"
  integrity sha512-zRRYDhpiKuAJHasOqCm7lBnsd22nrM4+OYI4ASWCxen+ocTMl7BIAKgGag97TlLiTl6rrau5aPe1VGUm9jQBng==
  dependencies:
    "@babel/runtime" "^7.5.5"
    csstype "^2.6.6"

hoist-non-react-statics@^3.2.1:
  version "3.3.0"
  resolved "https://registry.yarnpkg.com/hoist-non-react-statics/-/hoist-non-react-statics-3.3.0.tgz#b09178f0122184fb95acf525daaecb4d8f45958b"
  integrity sha512-0XsbTXxgiaCDYDIWFcwkmerZPSwywfUqYmwT4jzewKTQSWoE6FCMoUVOeBJWK3E/CrWbxRG3m5GzY4lnIwGRBA==
  dependencies:
    react-is "^16.7.0"

hyphenate-style-name@^1.0.3:
  version "1.0.3"
  resolved "https://registry.yarnpkg.com/hyphenate-style-name/-/hyphenate-style-name-1.0.3.tgz#097bb7fa0b8f1a9cf0bd5c734cf95899981a9b48"
  integrity sha512-EcuixamT82oplpoJ2XU4pDtKGWQ7b00CD9f1ug9IaQ3p1bkHMiKCZ9ut9QDI6qsa6cpUuB+A/I+zLtdNK4n2DQ==

is-in-browser@^1.0.2, is-in-browser@^1.1.3:
  version "1.1.3"
  resolved "https://registry.yarnpkg.com/is-in-browser/-/is-in-browser-1.1.3.tgz#56ff4db683a078c6082eb95dad7dc62e1d04f835"
  integrity sha1-Vv9NtoOgeMYILrldrX3GLh0E+DU=

is-plain-object@^3.0.0:
  version "3.0.0"
  resolved "https://registry.yarnpkg.com/is-plain-object/-/is-plain-object-3.0.0.tgz#47bfc5da1b5d50d64110806c199359482e75a928"
  integrity sha512-tZIpofR+P05k8Aocp7UI/2UTa9lTJSebCXpFFoR9aibpokDj/uXBsJ8luUu0tTVYKkMU6URDUuOfJZ7koewXvg==
  dependencies:
    isobject "^4.0.0"

isobject@^4.0.0:
  version "4.0.0"
  resolved "https://registry.yarnpkg.com/isobject/-/isobject-4.0.0.tgz#3f1c9155e73b192022a80819bacd0343711697b0"
  integrity sha512-S/2fF5wH8SJA/kmwr6HYhK/RI/OkhD84k8ntalo0iJjZikgq1XFvR5M8NPT1x5F7fBwCG3qHfnzeP/Vh/ZxCUA==

"js-tokens@^3.0.0 || ^4.0.0":
  version "4.0.0"
  resolved "https://registry.yarnpkg.com/js-tokens/-/js-tokens-4.0.0.tgz#19203fb59991df98e3a287050d4647cdeaf32499"
  integrity sha512-RdJUflcE3cUzKiMqQgsCu06FPu9UdIJO0beYbPhHN4k6apgJtifcoCtT9bcxOpYBtpD2kCM6Sbzg4CausW/PKQ==

jss-plugin-camel-case@10.0.0-alpha.25:
  version "10.0.0-alpha.25"
  resolved "https://registry.yarnpkg.com/jss-plugin-camel-case/-/jss-plugin-camel-case-10.0.0-alpha.25.tgz#ea4389de47ccf3b4757f76e62cbb2e8b96b7a2c2"
  integrity sha512-J5ZEGDTy9ddqdTUPAF4SJQ25u5kiG1ORP8F+ZPEZAkkiMQJp+/Aol4I7xhTS2aW1Lhg8xNxdhdRfBi5yU7wOvg==
  dependencies:
    "@babel/runtime" "^7.3.1"
    hyphenate-style-name "^1.0.3"
    jss "10.0.0-alpha.25"

jss-plugin-default-unit@10.0.0-alpha.25:
  version "10.0.0-alpha.25"
  resolved "https://registry.yarnpkg.com/jss-plugin-default-unit/-/jss-plugin-default-unit-10.0.0-alpha.25.tgz#df5b39bbc0114146101bb3cf8bc7e281e3d0f454"
  integrity sha512-auOG459B+yEqkojgaXH02SYO9+xjmAxlmP+WbzhVpXqOFJ2CN/kaxd8P4NJZLdj3BQxHiM7WIyMVh786StE+EA==
  dependencies:
    "@babel/runtime" "^7.3.1"
    jss "10.0.0-alpha.25"

jss-plugin-global@10.0.0-alpha.25:
  version "10.0.0-alpha.25"
  resolved "https://registry.yarnpkg.com/jss-plugin-global/-/jss-plugin-global-10.0.0-alpha.25.tgz#2b6a6a14ef6cdb9994dbadf709e480d5c871b5f6"
  integrity sha512-cS98Q8X8jwltuaBZd9eYuxMXxkUL+mJGl2Ok3/nmJzH9nLzj6i7kLxSoDtuJNqsRmbP7ogIXVozJUq9lUu2hlQ==
  dependencies:
    "@babel/runtime" "^7.3.1"
    jss "10.0.0-alpha.25"

jss-plugin-nested@10.0.0-alpha.25:
  version "10.0.0-alpha.25"
  resolved "https://registry.yarnpkg.com/jss-plugin-nested/-/jss-plugin-nested-10.0.0-alpha.25.tgz#b8e29d336e1850047914511681d56330e3ea24ac"
  integrity sha512-7sk7/6mX1YTgXe+AyeD1zEyKTgIGbbhYtg+wWQcHJlE1flW2JHfcQ5mw84FgHcHQRQ8Dq3l9I3aEY51ev0J1Wg==
  dependencies:
    "@babel/runtime" "^7.3.1"
    jss "10.0.0-alpha.25"
    tiny-warning "^1.0.2"

jss-plugin-props-sort@10.0.0-alpha.25:
  version "10.0.0-alpha.25"
  resolved "https://registry.yarnpkg.com/jss-plugin-props-sort/-/jss-plugin-props-sort-10.0.0-alpha.25.tgz#dfaa1a6bf9863ae9593b99bf51cd26caea2fe0ec"
  integrity sha512-8B/6QLQuUX8cIlZbXdjEm5l0jCX4EgacYMcFJhdKwDKEZYeAghpgQQrCKl0/CYHW7iFge5wim67P+uL6QxMzyw==
  dependencies:
    "@babel/runtime" "^7.3.1"
    jss "10.0.0-alpha.25"

jss-plugin-rule-value-function@10.0.0-alpha.25:
  version "10.0.0-alpha.25"
  resolved "https://registry.yarnpkg.com/jss-plugin-rule-value-function/-/jss-plugin-rule-value-function-10.0.0-alpha.25.tgz#35350da52334a6031808e197526227434c194277"
  integrity sha512-CQQtWO+/OZRGaFRBSGQUgAci9YlVtdoXcWQKBNo70tmpp+kaXKlFNCYaL3jmHbJHMiwKQYG2RYFQNIrwJ9SGmA==
  dependencies:
    "@babel/runtime" "^7.3.1"
    jss "10.0.0-alpha.25"

jss-plugin-vendor-prefixer@10.0.0-alpha.25:
  version "10.0.0-alpha.25"
  resolved "https://registry.yarnpkg.com/jss-plugin-vendor-prefixer/-/jss-plugin-vendor-prefixer-10.0.0-alpha.25.tgz#bc0c4b6dcb28d4801775cbad70ad9bc7e0c7707b"
  integrity sha512-5FXpB/TiwckbrkoDCmd27YsWCESl1K4hAX/oro2/geEXgnVQvDgQOf2eWCsjYO2K1lYPPXtskMfws/Q3eKmbYg==
  dependencies:
    "@babel/runtime" "^7.3.1"
    css-vendor "^2.0.6"
    jss "10.0.0-alpha.25"

jss@10.0.0-alpha.25:
  version "10.0.0-alpha.25"
  resolved "https://registry.yarnpkg.com/jss/-/jss-10.0.0-alpha.25.tgz#20a506d8159e3f6bd91e133d54ffd3df0ffd3010"
  integrity sha512-zqKnXv181B9vue2yYhmVhc+6ggbbxHF/33rjXfXEjaa22nOvknTI21QDfq3oZ8uCC50kcFp3Z8KU1ghUXdFvIA==
  dependencies:
    "@babel/runtime" "^7.3.1"
    csstype "^2.6.5"
    is-in-browser "^1.1.3"
    tiny-warning "^1.0.2"

lodash._basebind@~2.3.0:
  version "2.3.0"
  resolved "https://registry.yarnpkg.com/lodash._basebind/-/lodash._basebind-2.3.0.tgz#2b5bc452a0e106143b21869f233bdb587417d248"
  integrity sha1-K1vEUqDhBhQ7IYafIzvbWHQX0kg=
  dependencies:
    lodash._basecreate "~2.3.0"
    lodash._setbinddata "~2.3.0"
    lodash.isobject "~2.3.0"

lodash._basecreate@~2.3.0:
  version "2.3.0"
  resolved "https://registry.yarnpkg.com/lodash._basecreate/-/lodash._basecreate-2.3.0.tgz#9b88a86a4dcff7b7f3c61d83a2fcfc0671ec9de0"
  integrity sha1-m4ioak3P97fzxh2Dovz8BnHsneA=
  dependencies:
    lodash._renative "~2.3.0"
    lodash.isobject "~2.3.0"
    lodash.noop "~2.3.0"

lodash._basecreatecallback@~2.3.0:
  version "2.3.0"
  resolved "https://registry.yarnpkg.com/lodash._basecreatecallback/-/lodash._basecreatecallback-2.3.0.tgz#37b2ab17591a339e988db3259fcd46019d7ac362"
  integrity sha1-N7KrF1kaM56YjbMln81GAZ16w2I=
  dependencies:
    lodash._setbinddata "~2.3.0"
    lodash.bind "~2.3.0"
    lodash.identity "~2.3.0"
    lodash.support "~2.3.0"

lodash._basecreatewrapper@~2.3.0:
  version "2.3.0"
  resolved "https://registry.yarnpkg.com/lodash._basecreatewrapper/-/lodash._basecreatewrapper-2.3.0.tgz#aa0c61ad96044c3933376131483a9759c3651247"
  integrity sha1-qgxhrZYETDkzN2ExSDqXWcNlEkc=
  dependencies:
    lodash._basecreate "~2.3.0"
    lodash._setbinddata "~2.3.0"
    lodash._slice "~2.3.0"
    lodash.isobject "~2.3.0"

lodash._createwrapper@~2.3.0:
  version "2.3.0"
  resolved "https://registry.yarnpkg.com/lodash._createwrapper/-/lodash._createwrapper-2.3.0.tgz#d1aae1102dadf440e8e06fc133a6edd7fe146075"
  integrity sha1-0arhEC2t9EDo4G/BM6bt1/4UYHU=
  dependencies:
    lodash._basebind "~2.3.0"
    lodash._basecreatewrapper "~2.3.0"
    lodash.isfunction "~2.3.0"

lodash._objecttypes@~2.3.0:
  version "2.3.0"
  resolved "https://registry.yarnpkg.com/lodash._objecttypes/-/lodash._objecttypes-2.3.0.tgz#6a3ea3987dd6eeb8021b2d5c9c303549cc2bae1e"
  integrity sha1-aj6jmH3W7rgCGy1cnDA1Scwrrh4=

lodash._renative@~2.3.0:
  version "2.3.0"
  resolved "https://registry.yarnpkg.com/lodash._renative/-/lodash._renative-2.3.0.tgz#77d8edd4ced26dd5971f9e15a5f772e4e317fbd3"
  integrity sha1-d9jt1M7SbdWXH54Vpfdy5OMX+9M=

lodash._setbinddata@~2.3.0:
  version "2.3.0"
  resolved "https://registry.yarnpkg.com/lodash._setbinddata/-/lodash._setbinddata-2.3.0.tgz#e5610490acd13277d59858d95b5f2727f1508f04"
  integrity sha1-5WEEkKzRMnfVmFjZW18nJ/FQjwQ=
  dependencies:
    lodash._renative "~2.3.0"
    lodash.noop "~2.3.0"

lodash._shimkeys@~2.3.0:
  version "2.3.0"
  resolved "https://registry.yarnpkg.com/lodash._shimkeys/-/lodash._shimkeys-2.3.0.tgz#611f93149e3e6c721096b48769ef29537ada8ba9"
  integrity sha1-YR+TFJ4+bHIQlrSHae8pU3rai6k=
  dependencies:
    lodash._objecttypes "~2.3.0"

lodash._slice@~2.3.0:
  version "2.3.0"
  resolved "https://registry.yarnpkg.com/lodash._slice/-/lodash._slice-2.3.0.tgz#147198132859972e4680ca29a5992c855669aa5c"
  integrity sha1-FHGYEyhZly5GgMoppZkshVZpqlw=

lodash.bind@~2.3.0:
  version "2.3.0"
  resolved "https://registry.yarnpkg.com/lodash.bind/-/lodash.bind-2.3.0.tgz#c2a8e18b68e5ecc152e2b168266116fea5b016cc"
  integrity sha1-wqjhi2jl7MFS4rFoJmEW/qWwFsw=
  dependencies:
    lodash._createwrapper "~2.3.0"
    lodash._renative "~2.3.0"
    lodash._slice "~2.3.0"

lodash.foreach@2.3.x:
  version "2.3.0"
  resolved "https://registry.yarnpkg.com/lodash.foreach/-/lodash.foreach-2.3.0.tgz#083404c91e846ee77245fdf9d76519c68b2af168"
  integrity sha1-CDQEyR6EbudyRf3512UZxosq8Wg=
  dependencies:
    lodash._basecreatecallback "~2.3.0"
    lodash.forown "~2.3.0"

lodash.forown@~2.3.0:
  version "2.3.0"
  resolved "https://registry.yarnpkg.com/lodash.forown/-/lodash.forown-2.3.0.tgz#24fb4aaf800d45fc2dc60bfec3ce04c836a3ad7f"
  integrity sha1-JPtKr4ANRfwtxgv+w84EyDajrX8=
  dependencies:
    lodash._basecreatecallback "~2.3.0"
    lodash._objecttypes "~2.3.0"
    lodash.keys "~2.3.0"

lodash.identity@~2.3.0:
  version "2.3.0"
  resolved "https://registry.yarnpkg.com/lodash.identity/-/lodash.identity-2.3.0.tgz#6b01a210c9485355c2a913b48b6711219a173ded"
  integrity sha1-awGiEMlIU1XCqRO0i2cRIZoXPe0=

lodash.isfunction@~2.3.0:
  version "2.3.0"
  resolved "https://registry.yarnpkg.com/lodash.isfunction/-/lodash.isfunction-2.3.0.tgz#6b2973e47a647cf12e70d676aea13643706e5267"
  integrity sha1-aylz5HpkfPEucNZ2rqE2Q3BuUmc=

lodash.isobject@~2.3.0:
  version "2.3.0"
  resolved "https://registry.yarnpkg.com/lodash.isobject/-/lodash.isobject-2.3.0.tgz#2e16d3fc583da9831968953f2d8e6d73434f6799"
  integrity sha1-LhbT/Fg9qYMZaJU/LY5tc0NPZ5k=
  dependencies:
    lodash._objecttypes "~2.3.0"

lodash.keys@2.3.x, lodash.keys@~2.3.0:
  version "2.3.0"
  resolved "https://registry.yarnpkg.com/lodash.keys/-/lodash.keys-2.3.0.tgz#b350f4f92caa9f45a4a2ecf018454cf2f28ae253"
  integrity sha1-s1D0+Syqn0WkouzwGEVM8vKK4lM=
  dependencies:
    lodash._renative "~2.3.0"
    lodash._shimkeys "~2.3.0"
    lodash.isobject "~2.3.0"

lodash.noop@~2.3.0:
  version "2.3.0"
  resolved "https://registry.yarnpkg.com/lodash.noop/-/lodash.noop-2.3.0.tgz#3059d628d51bbf937cd2a0b6fc3a7f212a669c2c"
  integrity sha1-MFnWKNUbv5N80qC2/Dp/ISpmnCw=

lodash.support@~2.3.0:
  version "2.3.0"
  resolved "https://registry.yarnpkg.com/lodash.support/-/lodash.support-2.3.0.tgz#7eaf038af4f0d6aab776b44aa6dcfc80334c9bfd"
  integrity sha1-fq8DivTw1qq3drRKptz8gDNMm/0=
  dependencies:
    lodash._renative "~2.3.0"

loose-envify@^1.4.0:
  version "1.4.0"
  resolved "https://registry.yarnpkg.com/loose-envify/-/loose-envify-1.4.0.tgz#71ee51fa7be4caec1a63839f7e682d8132d30caf"
  integrity sha512-lyuxPGr/Wfhrlem2CL/UcnUc1zcqKAImBDzukY7Y5F/yQiNdko6+fRLevlw1HgMySw7f611UIY408EtxRSoK3Q==
  dependencies:
    js-tokens "^3.0.0 || ^4.0.0"

normalize-scroll-left@^0.2.0:
  version "0.2.0"
  resolved "https://registry.yarnpkg.com/normalize-scroll-left/-/normalize-scroll-left-0.2.0.tgz#9445d74275f303cc661e113329aefa492f58114c"
  integrity sha512-t5oCENZJl8TGusJKoCJm7+asaSsPuNmK6+iEjrZ5TyBj2f02brCRsd4c83hwtu+e5d4LCSBZ0uoDlMjBo+A8yA==

object-assign@^4.1.1:
  version "4.1.1"
  resolved "https://registry.yarnpkg.com/object-assign/-/object-assign-4.1.1.tgz#2109adc7965887cfc05cbbd442cac8bfbb360863"
  integrity sha1-IQmtx5ZYh8/AXLvUQsrIv7s2CGM=

popper.js@^1.14.1:
  version "1.15.0"
  resolved "https://registry.yarnpkg.com/popper.js/-/popper.js-1.15.0.tgz#5560b99bbad7647e9faa475c6b8056621f5a4ff2"
  integrity sha512-w010cY1oCUmI+9KwwlWki+r5jxKfTFDVoadl7MSrIujHU5MJ5OR6HTDj6Xo8aoR/QsA56x8jKjA59qGH4ELtrA==

prop-types@^15.6.2, prop-types@^15.7.2:
  version "15.7.2"
  resolved "https://registry.yarnpkg.com/prop-types/-/prop-types-15.7.2.tgz#52c41e75b8c87e72b9d9360e0206b99dcbffa6c5"
  integrity sha512-8QQikdH7//R2vurIJSutZ1smHYTcLpRWEOlHnzcWHmBYrOGUysKwSsrC89BCiFj3CbrfJ/nXFdJepOVrY1GCHQ==
  dependencies:
    loose-envify "^1.4.0"
    object-assign "^4.1.1"
    react-is "^16.8.1"

react-is@^16.7.0, react-is@^16.8.1, react-is@^16.8.6:
  version "16.10.1"
  resolved "https://registry.yarnpkg.com/react-is/-/react-is-16.10.1.tgz#0612786bf19df406502d935494f0450b40b8294f"
  integrity sha512-BXUMf9sIOPXXZWqr7+c5SeOKJykyVr2u0UDzEf4LNGc6taGkQe1A9DFD07umCIXz45RLr9oAAwZbAJ0Pkknfaw==

react-transition-group@^4.3.0:
  version "4.3.0"
  resolved "https://registry.yarnpkg.com/react-transition-group/-/react-transition-group-4.3.0.tgz#fea832e386cf8796c58b61874a3319704f5ce683"
  integrity sha512-1qRV1ZuVSdxPlPf4O8t7inxUGpdyO5zG9IoNfJxSO0ImU2A1YWkEQvFPuIPZmMLkg5hYs7vv5mMOyfgSkvAwvw==
  dependencies:
    "@babel/runtime" "^7.5.5"
    dom-helpers "^5.0.1"
    loose-envify "^1.4.0"
    prop-types "^15.6.2"

regenerator-runtime@^0.13.2:
  version "0.13.3"
  resolved "https://registry.yarnpkg.com/regenerator-runtime/-/regenerator-runtime-0.13.3.tgz#7cf6a77d8f5c6f60eb73c5fc1955b2ceb01e6bf5"
  integrity sha512-naKIZz2GQ8JWh///G7L3X6LaQUAMp2lvb1rvwwsURe/VXwD6VMfr+/1NuNw3ag8v2kY1aQ/go5SNn79O9JU7yw==

tiny-warning@^1.0.2:
  version "1.0.3"
  resolved "https://registry.yarnpkg.com/tiny-warning/-/tiny-warning-1.0.3.tgz#94a30db453df4c643d0fd566060d60a875d84754"
  integrity sha512-lBN9zLN/oAf68o3zNXYrdCt1kP8WsiGW8Oo2ka41b2IM5JL/S1CTyX1rW0mb/zSuJun0ZUrDxx4sqvYS2FWzPA==
